// !$*UTF8*$!
{
	archiveVersion = 1;
	classes = {
	};
	objectVersion = 55;
	objects = {

/* Begin PBXBuildFile section */
		20A33E3D2882D5E200758686 /* MessagerApp.swift in Sources */ = {isa = PBXBuildFile; fileRef = 20A33E3C2882D5E200758686 /* MessagerApp.swift */; };
		20A33E3F2882D5E200758686 /* ConversionsView.swift in Sources */ = {isa = PBXBuildFile; fileRef = 20A33E3E2882D5E200758686 /* ConversionsView.swift */; };
		20A33E412882D5E400758686 /* Assets.xcassets in Resources */ = {isa = PBXBuildFile; fileRef = 20A33E402882D5E400758686 /* Assets.xcassets */; };
		20A33E442882D5E400758686 /* Preview Assets.xcassets in Resources */ = {isa = PBXBuildFile; fileRef = 20A33E432882D5E400758686 /* Preview Assets.xcassets */; };
		20A33E502882D96C00758686 /* LoginView.swift in Sources */ = {isa = PBXBuildFile; fileRef = 20A33E4F2882D96C00758686 /* LoginView.swift */; };
		20A33E522882D97800758686 /* RegisterView.swift in Sources */ = {isa = PBXBuildFile; fileRef = 20A33E512882D97800758686 /* RegisterView.swift */; };
		20A33E542882DA4000758686 /* PhotoViewerView.swift in Sources */ = {isa = PBXBuildFile; fileRef = 20A33E532882DA4000758686 /* PhotoViewerView.swift */; };
		20A33E562882DA5000758686 /* VideoViewerView.swift in Sources */ = {isa = PBXBuildFile; fileRef = 20A33E552882DA5000758686 /* VideoViewerView.swift */; };
		20A33E582882DA7000758686 /* NewConversionView.swift in Sources */ = {isa = PBXBuildFile; fileRef = 20A33E572882DA7000758686 /* NewConversionView.swift */; };
		20A33E5A2882DA7B00758686 /* ProfileView.swift in Sources */ = {isa = PBXBuildFile; fileRef = 20A33E592882DA7B00758686 /* ProfileView.swift */; };
/* End PBXBuildFile section */

/* Begin PBXFileReference section */
		20A33E392882D5E200758686 /* Messager.app */ = {isa = PBXFileReference; explicitFileType = wrapper.application; includeInIndex = 0; path = Messager.app; sourceTree = BUILT_PRODUCTS_DIR; };
		20A33E3C2882D5E200758686 /* MessagerApp.swift */ = {isa = PBXFileReference; lastKnownFileType = sourcecode.swift; path = MessagerApp.swift; sourceTree = "<group>"; };
		20A33E3E2882D5E200758686 /* ConversionsView.swift */ = {isa = PBXFileReference; lastKnownFileType = sourcecode.swift; path = ConversionsView.swift; sourceTree = "<group>"; };
		20A33E402882D5E400758686 /* Assets.xcassets */ = {isa = PBXFileReference; lastKnownFileType = folder.assetcatalog; path = Assets.xcassets; sourceTree = "<group>"; };
		20A33E432882D5E400758686 /* Preview Assets.xcassets */ = {isa = PBXFileReference; lastKnownFileType = folder.assetcatalog; path = "Preview Assets.xcassets"; sourceTree = "<group>"; };
		20A33E4F2882D96C00758686 /* LoginView.swift */ = {isa = PBXFileReference; lastKnownFileType = sourcecode.swift; path = LoginView.swift; sourceTree = "<group>"; };
		20A33E512882D97800758686 /* RegisterView.swift */ = {isa = PBXFileReference; lastKnownFileType = sourcecode.swift; path = RegisterView.swift; sourceTree = "<group>"; };
		20A33E532882DA4000758686 /* PhotoViewerView.swift */ = {isa = PBXFileReference; lastKnownFileType = sourcecode.swift; path = PhotoViewerView.swift; sourceTree = "<group>"; };
		20A33E552882DA5000758686 /* VideoViewerView.swift */ = {isa = PBXFileReference; lastKnownFileType = sourcecode.swift; path = VideoViewerView.swift; sourceTree = "<group>"; };
		20A33E572882DA7000758686 /* NewConversionView.swift */ = {isa = PBXFileReference; lastKnownFileType = sourcecode.swift; path = NewConversionView.swift; sourceTree = "<group>"; };
		20A33E592882DA7B00758686 /* ProfileView.swift */ = {isa = PBXFileReference; lastKnownFileType = sourcecode.swift; path = ProfileView.swift; sourceTree = "<group>"; };
/* End PBXFileReference section */

/* Begin PBXFrameworksBuildPhase section */
		20A33E362882D5E200758686 /* Frameworks */ = {
			isa = PBXFrameworksBuildPhase;
			buildActionMask = 2147483647;
			files = (
			);
			runOnlyForDeploymentPostprocessing = 0;
		};
/* End PBXFrameworksBuildPhase section */

/* Begin PBXGroup section */
		20A33E302882D5E200758686 = {
			isa = PBXGroup;
			children = (
				20A33E3B2882D5E200758686 /* Messager */,
				20A33E3A2882D5E200758686 /* Products */,
			);
			sourceTree = "<group>";
		};
		20A33E3A2882D5E200758686 /* Products */ = {
			isa = PBXGroup;
			children = (
				20A33E392882D5E200758686 /* Messager.app */,
			);
			name = Products;
			sourceTree = "<group>";
		};
		20A33E3B2882D5E200758686 /* Messager */ = {
			isa = PBXGroup;
			children = (
				20A33E4E2882D75000758686 /* Resources */,
				20A33E4D2882D74700758686 /* ViewModels */,
				20A33E4C2882D73D00758686 /* Models */,
				20A33E4B2882D73500758686 /* Views */,
				20A33E4A2882D72600758686 /* Scenes */,
				20A33E422882D5E400758686 /* Preview Content */,
			);
			path = Messager;
			sourceTree = "<group>";
		};
		20A33E422882D5E400758686 /* Preview Content */ = {
			isa = PBXGroup;
			children = (
				20A33E432882D5E400758686 /* Preview Assets.xcassets */,
			);
			path = "Preview Content";
			sourceTree = "<group>";
		};
		20A33E4A2882D72600758686 /* Scenes */ = {
			isa = PBXGroup;
			children = (
				20A33E3C2882D5E200758686 /* MessagerApp.swift */,
				20A33E3E2882D5E200758686 /* ConversionsView.swift */,
				20A33E4F2882D96C00758686 /* LoginView.swift */,
				20A33E512882D97800758686 /* RegisterView.swift */,
				20A33E532882DA4000758686 /* PhotoViewerView.swift */,
				20A33E552882DA5000758686 /* VideoViewerView.swift */,
				20A33E572882DA7000758686 /* NewConversionView.swift */,
				20A33E592882DA7B00758686 /* ProfileView.swift */,
			);
			path = Scenes;
			sourceTree = "<group>";
		};
		20A33E4B2882D73500758686 /* Views */ = {
			isa = PBXGroup;
			children = (
			);
			path = Views;
			sourceTree = "<group>";
		};
		20A33E4C2882D73D00758686 /* Models */ = {
			isa = PBXGroup;
			children = (
			);
			path = Models;
			sourceTree = "<group>";
		};
		20A33E4D2882D74700758686 /* ViewModels */ = {
			isa = PBXGroup;
			children = (
			);
			path = ViewModels;
			sourceTree = "<group>";
		};
		20A33E4E2882D75000758686 /* Resources */ = {
			isa = PBXGroup;
			children = (
				20A33E402882D5E400758686 /* Assets.xcassets */,
			);
			path = Resources;
			sourceTree = "<group>";
		};
/* End PBXGroup section */

/* Begin PBXNativeTarget section */
		20A33E382882D5E200758686 /* Messager */ = {
			isa = PBXNativeTarget;
			buildConfigurationList = 20A33E472882D5E400758686 /* Build configuration list for PBXNativeTarget "Messager" */;
			buildPhases = (
				20A33E352882D5E200758686 /* Sources */,
				20A33E362882D5E200758686 /* Frameworks */,
				20A33E372882D5E200758686 /* Resources */,
			);
			buildRules = (
			);
			dependencies = (
			);
			name = Messager;
			productName = Messager;
			productReference = 20A33E392882D5E200758686 /* Messager.app */;
			productType = "com.apple.product-type.application";
		};
/* End PBXNativeTarget section */

/* Begin PBXProject section */
		20A33E312882D5E200758686 /* Project object */ = {
			isa = PBXProject;
			attributes = {
				BuildIndependentTargetsInParallel = 1;
				LastSwiftUpdateCheck = 1340;
				LastUpgradeCheck = 1340;
				TargetAttributes = {
					20A33E382882D5E200758686 = {
						CreatedOnToolsVersion = 13.4.1;
					};
				};
			};
			buildConfigurationList = 20A33E342882D5E200758686 /* Build configuration list for PBXProject "Messager" */;
			compatibilityVersion = "Xcode 13.0";
			developmentRegion = en;
			hasScannedForEncodings = 0;
			knownRegions = (
				en,
				Base,
			);
			mainGroup = 20A33E302882D5E200758686;
			productRefGroup = 20A33E3A2882D5E200758686 /* Products */;
			projectDirPath = "";
			projectRoot = "";
			targets = (
				20A33E382882D5E200758686 /* Messager */,
			);
		};
/* End PBXProject section */

/* Begin PBXResourcesBuildPhase section */
		20A33E372882D5E200758686 /* Resources */ = {
			isa = PBXResourcesBuildPhase;
			buildActionMask = 2147483647;
			files = (
				20A33E442882D5E400758686 /* Preview Assets.xcassets in Resources */,
				20A33E412882D5E400758686 /* Assets.xcassets in Resources */,
			);
			runOnlyForDeploymentPostprocessing = 0;
		};
/* End PBXResourcesBuildPhase section */

/* Begin PBXSourcesBuildPhase section */
		20A33E352882D5E200758686 /* Sources */ = {
			isa = PBXSourcesBuildPhase;
			buildActionMask = 2147483647;
			files = (
				20A33E5A2882DA7B00758686 /* ProfileView.swift in Sources */,
				20A33E562882DA5000758686 /* VideoViewerView.swift in Sources */,
				20A33E502882D96C00758686 /* LoginView.swift in Sources */,
				20A33E522882D97800758686 /* RegisterView.swift in Sources */,
				20A33E3F2882D5E200758686 /* ConversionsView.swift in Sources */,
				20A33E542882DA4000758686 /* PhotoViewerView.swift in Sources */,
				20A33E3D2882D5E200758686 /* MessagerApp.swift in Sources */,
				20A33E582882DA7000758686 /* NewConversionView.swift in Sources */,
			);
			runOnlyForDeploymentPostprocessing = 0;
		};
/* End PBXSourcesBuildPhase section */

/* Begin XCBuildConfiguration section */
		20A33E452882D5E400758686 /* Debug */ = {
			isa = XCBuildConfiguration;
			buildSettings = {
				ALWAYS_SEARCH_USER_PATHS = NO;
				CLANG_ANALYZER_NONNULL = YES;
				CLANG_ANALYZER_NUMBER_OBJECT_CONVERSION = YES_AGGRESSIVE;
				CLANG_CXX_LANGUAGE_STANDARD = "gnu++17";
				CLANG_ENABLE_MODULES = YES;
				CLANG_ENABLE_OBJC_ARC = YES;
				CLANG_ENABLE_OBJC_WEAK = YES;
				CLANG_WARN_BLOCK_CAPTURE_AUTORELEASING = YES;
				CLANG_WARN_BOOL_CONVERSION = YES;
				CLANG_WARN_COMMA = YES;
				CLANG_WARN_CONSTANT_CONVERSION = YES;
				CLANG_WARN_DEPRECATED_OBJC_IMPLEMENTATIONS = YES;
				CLANG_WARN_DIRECT_OBJC_ISA_USAGE = YES_ERROR;
				CLANG_WARN_DOCUMENTATION_COMMENTS = YES;
				CLANG_WARN_EMPTY_BODY = YES;
				CLANG_WARN_ENUM_CONVERSION = YES;
				CLANG_WARN_INFINITE_RECURSION = YES;
				CLANG_WARN_INT_CONVERSION = YES;
				CLANG_WARN_NON_LITERAL_NULL_CONVERSION = YES;
				CLANG_WARN_OBJC_IMPLICIT_RETAIN_SELF = YES;
				CLANG_WARN_OBJC_LITERAL_CONVERSION = YES;
				CLANG_WARN_OBJC_ROOT_CLASS = YES_ERROR;
				CLANG_WARN_QUOTED_INCLUDE_IN_FRAMEWORK_HEADER = YES;
				CLANG_WARN_RANGE_LOOP_ANALYSIS = YES;
				CLANG_WARN_STRICT_PROTOTYPES = YES;
				CLANG_WARN_SUSPICIOUS_MOVE = YES;
				CLANG_WARN_UNGUARDED_AVAILABILITY = YES_AGGRESSIVE;
				CLANG_WARN_UNREACHABLE_CODE = YES;
				CLANG_WARN__DUPLICATE_METHOD_MATCH = YES;
				COPY_PHASE_STRIP = NO;
				DEBUG_INFORMATION_FORMAT = dwarf;
				ENABLE_STRICT_OBJC_MSGSEND = YES;
				ENABLE_TESTABILITY = YES;
				GCC_C_LANGUAGE_STANDARD = gnu11;
				GCC_DYNAMIC_NO_PIC = NO;
				GCC_NO_COMMON_BLOCKS = YES;
				GCC_OPTIMIZATION_LEVEL = 0;
				GCC_PREPROCESSOR_DEFINITIONS = (
					"DEBUG=1",
					"$(inherited)",
				);
				GCC_WARN_64_TO_32_BIT_CONVERSION = YES;
				GCC_WARN_ABOUT_RETURN_TYPE = YES_ERROR;
				GCC_WARN_UNDECLARED_SELECTOR = YES;
				GCC_WARN_UNINITIALIZED_AUTOS = YES_AGGRESSIVE;
				GCC_WARN_UNUSED_FUNCTION = YES;
				GCC_WARN_UNUSED_VARIABLE = YES;
				IPHONEOS_DEPLOYMENT_TARGET = 15.5;
				MTL_ENABLE_DEBUG_INFO = INCLUDE_SOURCE;
				MTL_FAST_MATH = YES;
				ONLY_ACTIVE_ARCH = YES;
				SDKROOT = iphoneos;
				SWIFT_ACTIVE_COMPILATION_CONDITIONS = DEBUG;
				SWIFT_OPTIMIZATION_LEVEL = "-Onone";
			};
			name = Debug;
		};
		20A33E462882D5E400758686 /* Release */ = {
			isa = XCBuildConfiguration;
			buildSettings = {
				ALWAYS_SEARCH_USER_PATHS = NO;
				CLANG_ANALYZER_NONNULL = YES;
				CLANG_ANALYZER_NUMBER_OBJECT_CONVERSION = YES_AGGRESSIVE;
				CLANG_CXX_LANGUAGE_STANDARD = "gnu++17";
				CLANG_ENABLE_MODULES = YES;
				CLANG_ENABLE_OBJC_ARC = YES;
				CLANG_ENABLE_OBJC_WEAK = YES;
				CLANG_WARN_BLOCK_CAPTURE_AUTORELEASING = YES;
				CLANG_WARN_BOOL_CONVERSION = YES;
				CLANG_WARN_COMMA = YES;
				CLANG_WARN_CONSTANT_CONVERSION = YES;
				CLANG_WARN_DEPRECATED_OBJC_IMPLEMENTATIONS = YES;
				CLANG_WARN_DIRECT_OBJC_ISA_USAGE = YES_ERROR;
				CLANG_WARN_DOCUMENTATION_COMMENTS = YES;
				CLANG_WARN_EMPTY_BODY = YES;
				CLANG_WARN_ENUM_CONVERSION = YES;
				CLANG_WARN_INFINITE_RECURSION = YES;
				CLANG_WARN_INT_CONVERSION = YES;
				CLANG_WARN_NON_LITERAL_NULL_CONVERSION = YES;
				CLANG_WARN_OBJC_IMPLICIT_RETAIN_SELF = YES;
				CLANG_WARN_OBJC_LITERAL_CONVERSION = YES;
				CLANG_WARN_OBJC_ROOT_CLASS = YES_ERROR;
				CLANG_WARN_QUOTED_INCLUDE_IN_FRAMEWORK_HEADER = YES;
				CLANG_WARN_RANGE_LOOP_ANALYSIS = YES;
				CLANG_WARN_STRICT_PROTOTYPES = YES;
				CLANG_WARN_SUSPICIOUS_MOVE = YES;
				CLANG_WARN_UNGUARDED_AVAILABILITY = YES_AGGRESSIVE;
				CLANG_WARN_UNREACHABLE_CODE = YES;
				CLANG_WARN__DUPLICATE_METHOD_MATCH = YES;
				COPY_PHASE_STRIP = NO;
				DEBUG_INFORMATION_FORMAT = "dwarf-with-dsym";
				ENABLE_NS_ASSERTIONS = NO;
				ENABLE_STRICT_OBJC_MSGSEND = YES;
				GCC_C_LANGUAGE_STANDARD = gnu11;
				GCC_NO_COMMON_BLOCKS = YES;
				GCC_WARN_64_TO_32_BIT_CONVERSION = YES;
				GCC_WARN_ABOUT_RETURN_TYPE = YES_ERROR;
				GCC_WARN_UNDECLARED_SELECTOR = YES;
				GCC_WARN_UNINITIALIZED_AUTOS = YES_AGGRESSIVE;
				GCC_WARN_UNUSED_FUNCTION = YES;
				GCC_WARN_UNUSED_VARIABLE = YES;
				IPHONEOS_DEPLOYMENT_TARGET = 15.5;
				MTL_ENABLE_DEBUG_INFO = NO;
				MTL_FAST_MATH = YES;
				SDKROOT = iphoneos;
				SWIFT_COMPILATION_MODE = wholemodule;
				SWIFT_OPTIMIZATION_LEVEL = "-O";
				VALIDATE_PRODUCT = YES;
			};
			name = Release;
		};
		20A33E482882D5E400758686 /* Debug */ = {
			isa = XCBuildConfiguration;
			buildSettings = {
				ASSETCATALOG_COMPILER_APPICON_NAME = AppIcon;
				ASSETCATALOG_COMPILER_GLOBAL_ACCENT_COLOR_NAME = AccentColor;
				CODE_SIGN_STYLE = Automatic;
				CURRENT_PROJECT_VERSION = 1;
				DEVELOPMENT_ASSET_PATHS = "\"Messager/Preview Content\"";
				DEVELOPMENT_TEAM = RW9GMW82XW;
				ENABLE_PREVIEWS = YES;
				GENERATE_INFOPLIST_FILE = YES;
				INFOPLIST_KEY_UIApplicationSceneManifest_Generation = YES;
				INFOPLIST_KEY_UIApplicationSupportsIndirectInputEvents = YES;
				INFOPLIST_KEY_UILaunchScreen_Generation = YES;
				INFOPLIST_KEY_UISupportedInterfaceOrientations = UIInterfaceOrientationPortrait;
				INFOPLIST_KEY_UISupportedInterfaceOrientations_iPad = "UIInterfaceOrientationPortrait UIInterfaceOrientationPortraitUpsideDown UIInterfaceOrientationLandscapeLeft UIInterfaceOrientationLandscapeRight";
				INFOPLIST_KEY_UISupportedInterfaceOrientations_iPhone = "UIInterfaceOrientationPortrait UIInterfaceOrientationLandscapeLeft UIInterfaceOrientationLandscapeRight";
				IPHONEOS_DEPLOYMENT_TARGET = 15.5;
				LD_RUNPATH_SEARCH_PATHS = (
					"$(inherited)",
					"@executable_path/Frameworks",
				);
				MARKETING_VERSION = 1.0;
				PRODUCT_BUNDLE_IDENTIFIER = com.weschua.Messager;
				PRODUCT_NAME = "$(TARGET_NAME)";
				SWIFT_EMIT_LOC_STRINGS = YES;
				SWIFT_VERSION = 5.0;
				TARGETED_DEVICE_FAMILY = "1,2";
			};
			name = Debug;
		};
		20A33E492882D5E400758686 /* Release */ = {
			isa = XCBuildConfiguration;
			buildSettings = {
				ASSETCATALOG_COMPILER_APPICON_NAME = AppIcon;
				ASSETCATALOG_COMPILER_GLOBAL_ACCENT_COLOR_NAME = AccentColor;
				CODE_SIGN_STYLE = Automatic;
				CURRENT_PROJECT_VERSION = 1;
				DEVELOPMENT_ASSET_PATHS = "\"Messager/Preview Content\"";
				DEVELOPMENT_TEAM = RW9GMW82XW;
				ENABLE_PREVIEWS = YES;
				GENERATE_INFOPLIST_FILE = YES;
				INFOPLIST_KEY_UIApplicationSceneManifest_Generation = YES;
				INFOPLIST_KEY_UIApplicationSupportsIndirectInputEvents = YES;
				INFOPLIST_KEY_UILaunchScreen_Generation = YES;
				INFOPLIST_KEY_UISupportedInterfaceOrientations = UIInterfaceOrientationPortrait;
				INFOPLIST_KEY_UISupportedInterfaceOrientations_iPad = "UIInterfaceOrientationPortrait UIInterfaceOrientationPortraitUpsideDown UIInterfaceOrientationLandscapeLeft UIInterfaceOrientationLandscapeRight";
				INFOPLIST_KEY_UISupportedInterfaceOrientations_iPhone = "UIInterfaceOrientationPortrait UIInterfaceOrientationLandscapeLeft UIInterfaceOrientationLandscapeRight";
				IPHONEOS_DEPLOYMENT_TARGET = 15.5;
				LD_RUNPATH_SEARCH_PATHS = (
					"$(inherited)",
					"@executable_path/Frameworks",
				);
				MARKETING_VERSION = 1.0;
				PRODUCT_BUNDLE_IDENTIFIER = com.weschua.Messager;
				PRODUCT_NAME = "$(TARGET_NAME)";
				SWIFT_EMIT_LOC_STRINGS = YES;
				SWIFT_VERSION = 5.0;
				TARGETED_DEVICE_FAMILY = "1,2";
			};
			name = Release;
		};
/* End XCBuildConfiguration section */

/* Begin XCConfigurationList section */
		20A33E342882D5E200758686 /* Build configuration list for PBXProject "Messager" */ = {
			isa = XCConfigurationList;
			buildConfigurations = (
				20A33E452882D5E400758686 /* Debug */,
				20A33E462882D5E400758686 /* Release */,
			);
			defaultConfigurationIsVisible = 0;
			defaultConfigurationName = Release;
		};
		20A33E472882D5E400758686 /* Build configuration list for PBXNativeTarget "Messager" */ = {
			isa = XCConfigurationList;
			buildConfigurations = (
				20A33E482882D5E400758686 /* Debug */,
				20A33E492882D5E400758686 /* Release */,
			);
			defaultConfigurationIsVisible = 0;
			defaultConfigurationName = Release;
		};
/* End XCConfigurationList section */
	};
	rootObject = 20A33E312882D5E200758686 /* Project object */;
}
